
Microsoft Visual Studio Solution File, Format Version 12.00
# Visual Studio 2015
Project("{FAE04EC0-301F-11D3-BF4B-00C04F79EFBC}") = "CleanOut!", "CleanOut!.csproj", "{6C67097D-4482-7EDD-74B0-D7B14EE3CC54}"
EndProject
Project("{FAE04EC0-301F-11D3-BF4B-00C04F79EFBC}") = "CleanOut!.Editor", "CleanOut!.Editor.csproj", "{AD44BB67-476C-AB4C-34E2-1336E5C2248D}"
EndProject
Global
	GlobalSection(SolutionConfigurationPlatforms) = preSolution
		Debug|Any CPU = Debug|Any CPU
		Release|Any CPU = Release|Any CPU
	EndGlobalSection
	GlobalSection(ProjectConfigurationPlatforms) = postSolution
		{6C67097D-4482-7EDD-74B0-D7B14EE3CC54}.Debug|Any CPU.ActiveCfg = Debug|Any CPU
		{6C67097D-4482-7EDD-74B0-D7B14EE3CC54}.Debug|Any CPU.Build.0 = Debug|Any CPU
		{6C67097D-4482-7EDD-74B0-D7B14EE3CC54}.Release|Any CPU.ActiveCfg = Release|Any CPU
		{6C67097D-4482-7EDD-74B0-D7B14EE3CC54}.Release|Any CPU.Build.0 = Release|Any CPU
		{AD44BB67-476C-AB4C-34E2-1336E5C2248D}.Debug|Any CPU.ActiveCfg = Debug|Any CPU
		{AD44BB67-476C-AB4C-34E2-1336E5C2248D}.Debug|Any CPU.Build.0 = Debug|Any CPU
		{AD44BB67-476C-AB4C-34E2-1336E5C2248D}.Release|Any CPU.ActiveCfg = Release|Any CPU
		{AD44BB67-476C-AB4C-34E2-1336E5C2248D}.Release|Any CPU.Build.0 = Release|Any CPU
	EndGlobalSection
	GlobalSection(SolutionProperties) = preSolution
		HideSolutionNode = FALSE
	EndGlobalSection
EndGlobal
